github.com/JihadRinaldi/dog v0.0.0-20240518174420-4942d4cc6ac2 h1:iDeO8v9Xp6+LlZaeetjPfsCY8H28nSJGtHOpTVLdG0A=
github.com/JihadRinaldi/dog v0.0.0-20240518174420-4942d4cc6ac2/go.mod h1:CaEjuVoZQnqLrqN7G03NUZsaTIHokL53uqLRfA7cM0I=
github.com/JihadRinaldi/puppy v0.0.0-20240518164307-f23d392deab8 h1:oV6XGE82Q3+6xBWbU0SRxmCfu1CLi5CvoYENVaoH3rU=
github.com/JihadRinaldi/puppy v0.0.0-20240518164307-f23d392deab8/go.mod h1:nqYnwdH6obksWTXw18WM2M37o8jmQ/J5msl7XO/KhnM=
github.com/JihadRinaldi/puppy v0.0.0-20240518174746-de0fe3ab72c8 h1:Z/KaLpcRMstQ5GaQYR5pSxGPGd0JT0E6ithmVAngBos=
github.com/JihadRinaldi/puppy v0.0.0-20240518174746-de0fe3ab72c8/go.mod h1:HO8OaP55DYf+gCsVQnRGmCga/+c73wKHgs0c/UWKXIo=
